{
  "lockfileVersion": 1,
  "workspaces": {
    "": {
      "name": "revised-judge0",
      "dependencies": {
        "uuid": "^9.0.0",
      },
    },
  },
  "packages": {
    "uuid": ["uuid@9.0.1", "", { "bin": "dist/bin/uuid" }, "sha512-b+1eJOlsR9K8HJpow9Ok3fiWOWSIcIzXodvv0rQjVoOVNpWMpxf1wZNpt4y9h10odCNrqnYp1OBzRktckBe3sA=="],
  }
}
